{
  "nodes": {
    "libnet": {
      "inputs": {
        "nixpkgs": "nixpkgs"
      },
      "locked": {
        "lastModified": 1777185794,
        "narHash": "sha256-DUBTzspP83civeOVWuVvS9E+DfyM/QFeDsuOCISNVbs=",
        "ref": "refs/heads/main",
        "rev": "ade900e152c6edd5d96bc976ed474dbfd4b604d6",
        "revCount": 29,
        "type": "git",
        "url": "file:///home/dev/projects/nix-libnet"
      },
      "original": {
        "type": "git",
        "url": "file:///home/dev/projects/nix-libnet"
      }
    },
    "nftypes": {
      "inputs": {
        "nixpkgs": [
          "nixpkgs"
        ]
      },
      "locked": {
        "lastModified": 1778155077,
        "narHash": "sha256-2N7V3u60WXYr+66PuNziUrbCifikHgaqBhyq3OTH+vk=",
        "ref": "refs/heads/main",
        "rev": "1fd7ab9619473fc4fb3dce0bbc94b0fc62a3ca0d",
        "revCount": 45,
        "type": "git",
        "url": "file:///home/dev/projects/nix-nftypes"
      },
      "original": {
        "type": "git",
        "url": "file:///home/dev/projects/nix-nftypes"
      }
    },
    "nftzones": {
      "inputs": {
        "libnet": [
          "libnet"
        ],
        "nftypes": "nftypes",
        "nixpkgs": [
          "nixpkgs"
        ]
      },
      "locked": {
        "lastModified": 1778586525,
        "narHash": "sha256-Ggp+O3LPoY6/qf2gI3AKcxAC6ja5z+gDNU+S54YldVA=",
        "ref": "refs/heads/main",
        "rev": "dc5d2eff8877865de79c7577c2255191636090b6",
        "revCount": 100,
        "type": "git",
        "url": "file:///home/dev/projects/nix-nftzones"
      },
      "original": {
        "type": "git",
        "url": "file:///home/dev/projects/nix-nftzones"
      }
    },
    "nixpkgs": {
      "locked": {
        "lastModified": 1776169885,
        "narHash": "sha256-l/iNYDZ4bGOAFQY2q8y5OAfBBtrDAaPuRQqWaFHVRXM=",
        "owner": "NixOS",
        "repo": "nixpkgs",
        "rev": "4bd9165a9165d7b5e33ae57f3eecbcb28fb231c9",
        "type": "github"
      },
      "original": {
        "owner": "NixOS",
        "ref": "nixos-unstable",
        "repo": "nixpkgs",
        "type": "github"
      }
    },
    "nixpkgs_2": {
      "locked": {
        "lastModified": 1777954456,
        "narHash": "sha256-hGdgeU2Nk87RAuZyYjyDjFL6LK7dAZN5RE9+hrDTkDU=",
        "owner": "NixOS",
        "repo": "nixpkgs",
        "rev": "549bd84d6279f9852cae6225e372cc67fb91a4c1",
        "type": "github"
      },
      "original": {
        "owner": "NixOS",
        "ref": "nixos-unstable",
        "repo": "nixpkgs",
        "type": "github"
      }
    },
    "root": {
      "inputs": {
        "libnet": "libnet",
        "nftzones": "nftzones",
        "nixpkgs": "nixpkgs_2",
        "treefmt-nix": "treefmt-nix"
      }
    },
    "treefmt-nix": {
      "inputs": {
        "nixpkgs": [
          "nixpkgs"
        ]
      },
      "locked": {
        "lastModified": 1775636079,
        "narHash": "sha256-pc20NRoMdiar8oPQceQT47UUZMBTiMdUuWrYu2obUP0=",
        "owner": "numtide",
        "repo": "treefmt-nix",
        "rev": "790751ff7fd3801feeaf96d7dc416a8d581265ba",
        "type": "github"
      },
      "original": {
        "owner": "numtide",
        "repo": "treefmt-nix",
        "type": "github"
      }
    }
  },
  "root": "root",
  "version": 7
}
